
Microsoft Visual Studio Solution File, Format Version 12.00
# Visual Studio Version 16
VisualStudioVersion = 16.0.29613.14
MinimumVisualStudioVersion = 10.0.40219.1
Project("{FAE04EC0-301F-11D3-BF4B-00C04F79EFBC}") = "polynomValue", "polynomValue\polynomValue.csproj", "{D30D754E-8A75-4211-9E6A-C23E91A1A2A5}"
EndProject
Project("{FAE04EC0-301F-11D3-BF4B-00C04F79EFBC}") = "PolynomValue.Tests", "PolynomValue.Tests\PolynomValue.Tests.csproj", "{F374A581-5B25-4A9E-AEF4-D56BF6F69510}"
EndProject
Project("{FAE04EC0-301F-11D3-BF4B-00C04F79EFBC}") = "PolynomValue.SmokeTestUI.Tests", "PolynomValue.SmokeTestUI.Tests\PolynomValue.SmokeTestUI.Tests.csproj", "{BD170EFA-6132-4FBB-8271-C3BEB68DC7A8}"
EndProject
Project("{FAE04EC0-301F-11D3-BF4B-00C04F79EFBC}") = "IntegrationalTest", "IntegrationalTest\IntegrationalTest.csproj", "{E1112FBE-8FDB-4DF2-8D8C-D6ED001AD59C}"
EndProject
Global
	GlobalSection(SolutionConfigurationPlatforms) = preSolution
		Debug|Any CPU = Debug|Any CPU
		Release|Any CPU = Release|Any CPU
	EndGlobalSection
	GlobalSection(ProjectConfigurationPlatforms) = postSolution
		{D30D754E-8A75-4211-9E6A-C23E91A1A2A5}.Debug|Any CPU.ActiveCfg = Debug|Any CPU
		{D30D754E-8A75-4211-9E6A-C23E91A1A2A5}.Debug|Any CPU.Build.0 = Debug|Any CPU
		{D30D754E-8A75-4211-9E6A-C23E91A1A2A5}.Release|Any CPU.ActiveCfg = Release|Any CPU
		{D30D754E-8A75-4211-9E6A-C23E91A1A2A5}.Release|Any CPU.Build.0 = Release|Any CPU
		{F374A581-5B25-4A9E-AEF4-D56BF6F69510}.Debug|Any CPU.ActiveCfg = Debug|Any CPU
		{F374A581-5B25-4A9E-AEF4-D56BF6F69510}.Debug|Any CPU.Build.0 = Debug|Any CPU
		{F374A581-5B25-4A9E-AEF4-D56BF6F69510}.Release|Any CPU.ActiveCfg = Release|Any CPU
		{F374A581-5B25-4A9E-AEF4-D56BF6F69510}.Release|Any CPU.Build.0 = Release|Any CPU
		{BD170EFA-6132-4FBB-8271-C3BEB68DC7A8}.Debug|Any CPU.ActiveCfg = Debug|Any CPU
		{BD170EFA-6132-4FBB-8271-C3BEB68DC7A8}.Debug|Any CPU.Build.0 = Debug|Any CPU
		{BD170EFA-6132-4FBB-8271-C3BEB68DC7A8}.Release|Any CPU.ActiveCfg = Release|Any CPU
		{BD170EFA-6132-4FBB-8271-C3BEB68DC7A8}.Release|Any CPU.Build.0 = Release|Any CPU
		{E1112FBE-8FDB-4DF2-8D8C-D6ED001AD59C}.Debug|Any CPU.ActiveCfg = Debug|Any CPU
		{E1112FBE-8FDB-4DF2-8D8C-D6ED001AD59C}.Debug|Any CPU.Build.0 = Debug|Any CPU
		{E1112FBE-8FDB-4DF2-8D8C-D6ED001AD59C}.Release|Any CPU.ActiveCfg = Release|Any CPU
		{E1112FBE-8FDB-4DF2-8D8C-D6ED001AD59C}.Release|Any CPU.Build.0 = Release|Any CPU
	EndGlobalSection
	GlobalSection(SolutionProperties) = preSolution
		HideSolutionNode = FALSE
	EndGlobalSection
	GlobalSection(ExtensibilityGlobals) = postSolution
		SolutionGuid = {40EF6E32-1AAD-41CF-BBF4-C216A7FB5514}
	EndGlobalSection
EndGlobal
